
Microsoft Visual Studio Solution File, Format Version 12.00
# Visual Studio Version 17
VisualStudioVersion = 17.5.002.0
MinimumVisualStudioVersion = 10.0.40219.1
Project("{2150E333-8FDC-42A3-9474-1A3956D46DE8}") = "src", "src", "{AE5CD1FF-A7F0-4542-8D45-00B8A985E326}"
EndProject
Project("{9A19103F-16F7-4668-BE54-9A1E7A4F7556}") = "common", "src\common\common.csproj", "{4FC7807A-D826-42F2-8D08-3827C01DF4D3}"
EndProject
Project("{9A19103F-16F7-4668-BE54-9A1E7A4F7556}") = "core", "src\core\core.csproj", "{8E998059-A6AB-46A8-8BF1-9AA7CBF46BFC}"
EndProject
Project("{9A19103F-16F7-4668-BE54-9A1E7A4F7556}") = "extensions", "src\extensions\extensions.csproj", "{AEFB7390-6B1B-4565-B24E-F8C9A55D4B64}"
EndProject
Project("{9A19103F-16F7-4668-BE54-9A1E7A4F7556}") = "trimming", "src\trimming\trimming.csproj", "{A1CA4784-52FB-45BE-AF2B-B92690B56492}"
EndProject
Project("{2150E333-8FDC-42A3-9474-1A3956D46DE8}") = "samples", "samples", "{16580376-0166-4529-82C3-1BC286BEEFCB}"
EndProject
Project("{9A19103F-16F7-4668-BE54-9A1E7A4F7556}") = "attributes", "src\samples\attributes\attributes.csproj", "{ED897630-8969-48AF-86BE-C32124859698}"
EndProject
Project("{9A19103F-16F7-4668-BE54-9A1E7A4F7556}") = "cancellation", "src\samples\cancellation\cancellation.csproj", "{E2FBD559-A590-4D00-AEBA-B66D9C344102}"
EndProject
Project("{9A19103F-16F7-4668-BE54-9A1E7A4F7556}") = "control", "src\samples\control\control.csproj", "{8994E6B9-28B5-4942-B455-AF3A92D95281}"
EndProject
Project("{9A19103F-16F7-4668-BE54-9A1E7A4F7556}") = "cursor", "src\samples\cursor\cursor.csproj", "{58A3ABF6-A3B4-4BF3-85A1-B5E05DFA82BC}"
EndProject
Project("{9A19103F-16F7-4668-BE54-9A1E7A4F7556}") = "extensions", "src\samples\extensions\extensions.csproj", "{2B0ADB7B-4A1B-4892-B0E7-4A7663EEA26C}"
EndProject
Project("{9A19103F-16F7-4668-BE54-9A1E7A4F7556}") = "processes", "src\samples\processes\processes.csproj", "{087E163B-AC5F-4832-84D6-2B9E5454D987}"
EndProject
Project("{9A19103F-16F7-4668-BE54-9A1E7A4F7556}") = "raw", "src\samples\raw\raw.csproj", "{ED9D3157-1F1F-4AD4-BE6D-E52F6A240728}"
EndProject
Project("{9A19103F-16F7-4668-BE54-9A1E7A4F7556}") = "resize", "src\samples\resize\resize.csproj", "{E6868C22-2254-4CD7-A670-296DB76778B5}"
EndProject
Project("{9A19103F-16F7-4668-BE54-9A1E7A4F7556}") = "screens", "src\samples\screens\screens.csproj", "{16AF9596-21A3-4A11-9C33-F538EE3DC6D4}"
EndProject
Project("{9A19103F-16F7-4668-BE54-9A1E7A4F7556}") = "scrolling", "src\samples\scrolling\scrolling.csproj", "{8A243513-D890-4CFC-A94E-EDB0B1B9EC49}"
EndProject
Project("{9A19103F-16F7-4668-BE54-9A1E7A4F7556}") = "signals", "src\samples\signals\signals.csproj", "{1C7E7B3C-55D1-488C-9C92-4DCC461935EB}"
EndProject
Project("{9A19103F-16F7-4668-BE54-9A1E7A4F7556}") = "sounds", "src\samples\sounds\sounds.csproj", "{E9656395-0866-4F80-B0B6-89EA7A4570F4}"
EndProject
Project("{9A19103F-16F7-4668-BE54-9A1E7A4F7556}") = "width", "src\samples\width\width.csproj", "{CA919AE9-EB3A-4925-A950-C452F1847AEF}"
EndProject
Global
	GlobalSection(SolutionConfigurationPlatforms) = preSolution
		Debug|Any CPU = Debug|Any CPU
		Release|Any CPU = Release|Any CPU
	EndGlobalSection
	GlobalSection(ProjectConfigurationPlatforms) = postSolution
		{4FC7807A-D826-42F2-8D08-3827C01DF4D3}.Debug|Any CPU.ActiveCfg = Debug|Any CPU
		{4FC7807A-D826-42F2-8D08-3827C01DF4D3}.Debug|Any CPU.Build.0 = Debug|Any CPU
		{4FC7807A-D826-42F2-8D08-3827C01DF4D3}.Release|Any CPU.ActiveCfg = Release|Any CPU
		{4FC7807A-D826-42F2-8D08-3827C01DF4D3}.Release|Any CPU.Build.0 = Release|Any CPU
		{8E998059-A6AB-46A8-8BF1-9AA7CBF46BFC}.Debug|Any CPU.ActiveCfg = Debug|Any CPU
		{8E998059-A6AB-46A8-8BF1-9AA7CBF46BFC}.Debug|Any CPU.Build.0 = Debug|Any CPU
		{8E998059-A6AB-46A8-8BF1-9AA7CBF46BFC}.Release|Any CPU.ActiveCfg = Release|Any CPU
		{8E998059-A6AB-46A8-8BF1-9AA7CBF46BFC}.Release|Any CPU.Build.0 = Release|Any CPU
		{AEFB7390-6B1B-4565-B24E-F8C9A55D4B64}.Debug|Any CPU.ActiveCfg = Debug|Any CPU
		{AEFB7390-6B1B-4565-B24E-F8C9A55D4B64}.Debug|Any CPU.Build.0 = Debug|Any CPU
		{AEFB7390-6B1B-4565-B24E-F8C9A55D4B64}.Release|Any CPU.ActiveCfg = Release|Any CPU
		{AEFB7390-6B1B-4565-B24E-F8C9A55D4B64}.Release|Any CPU.Build.0 = Release|Any CPU
		{A1CA4784-52FB-45BE-AF2B-B92690B56492}.Debug|Any CPU.ActiveCfg = Debug|Any CPU
		{A1CA4784-52FB-45BE-AF2B-B92690B56492}.Debug|Any CPU.Build.0 = Debug|Any CPU
		{A1CA4784-52FB-45BE-AF2B-B92690B56492}.Release|Any CPU.ActiveCfg = Release|Any CPU
		{A1CA4784-52FB-45BE-AF2B-B92690B56492}.Release|Any CPU.Build.0 = Release|Any CPU
		{ED897630-8969-48AF-86BE-C32124859698}.Debug|Any CPU.ActiveCfg = Debug|Any CPU
		{ED897630-8969-48AF-86BE-C32124859698}.Debug|Any CPU.Build.0 = Debug|Any CPU
		{ED897630-8969-48AF-86BE-C32124859698}.Release|Any CPU.ActiveCfg = Release|Any CPU
		{ED897630-8969-48AF-86BE-C32124859698}.Release|Any CPU.Build.0 = Release|Any CPU
		{E2FBD559-A590-4D00-AEBA-B66D9C344102}.Debug|Any CPU.ActiveCfg = Debug|Any CPU
		{E2FBD559-A590-4D00-AEBA-B66D9C344102}.Debug|Any CPU.Build.0 = Debug|Any CPU
		{E2FBD559-A590-4D00-AEBA-B66D9C344102}.Release|Any CPU.ActiveCfg = Release|Any CPU
		{E2FBD559-A590-4D00-AEBA-B66D9C344102}.Release|Any CPU.Build.0 = Release|Any CPU
		{8994E6B9-28B5-4942-B455-AF3A92D95281}.Debug|Any CPU.ActiveCfg = Debug|Any CPU
		{8994E6B9-28B5-4942-B455-AF3A92D95281}.Debug|Any CPU.Build.0 = Debug|Any CPU
		{8994E6B9-28B5-4942-B455-AF3A92D95281}.Release|Any CPU.ActiveCfg = Release|Any CPU
		{8994E6B9-28B5-4942-B455-AF3A92D95281}.Release|Any CPU.Build.0 = Release|Any CPU
		{58A3ABF6-A3B4-4BF3-85A1-B5E05DFA82BC}.Debug|Any CPU.ActiveCfg = Debug|Any CPU
		{58A3ABF6-A3B4-4BF3-85A1-B5E05DFA82BC}.Debug|Any CPU.Build.0 = Debug|Any CPU
		{58A3ABF6-A3B4-4BF3-85A1-B5E05DFA82BC}.Release|Any CPU.ActiveCfg = Release|Any CPU
		{58A3ABF6-A3B4-4BF3-85A1-B5E05DFA82BC}.Release|Any CPU.Build.0 = Release|Any CPU
		{2B0ADB7B-4A1B-4892-B0E7-4A7663EEA26C}.Debug|Any CPU.ActiveCfg = Debug|Any CPU
		{2B0ADB7B-4A1B-4892-B0E7-4A7663EEA26C}.Debug|Any CPU.Build.0 = Debug|Any CPU
		{2B0ADB7B-4A1B-4892-B0E7-4A7663EEA26C}.Release|Any CPU.ActiveCfg = Release|Any CPU
		{2B0ADB7B-4A1B-4892-B0E7-4A7663EEA26C}.Release|Any CPU.Build.0 = Release|Any CPU
		{087E163B-AC5F-4832-84D6-2B9E5454D987}.Debug|Any CPU.ActiveCfg = Debug|Any CPU
		{087E163B-AC5F-4832-84D6-2B9E5454D987}.Debug|Any CPU.Build.0 = Debug|Any CPU
		{087E163B-AC5F-4832-84D6-2B9E5454D987}.Release|Any CPU.ActiveCfg = Release|Any CPU
		{087E163B-AC5F-4832-84D6-2B9E5454D987}.Release|Any CPU.Build.0 = Release|Any CPU
		{ED9D3157-1F1F-4AD4-BE6D-E52F6A240728}.Debug|Any CPU.ActiveCfg = Debug|Any CPU
		{ED9D3157-1F1F-4AD4-BE6D-E52F6A240728}.Debug|Any CPU.Build.0 = Debug|Any CPU
		{ED9D3157-1F1F-4AD4-BE6D-E52F6A240728}.Release|Any CPU.ActiveCfg = Release|Any CPU
		{ED9D3157-1F1F-4AD4-BE6D-E52F6A240728}.Release|Any CPU.Build.0 = Release|Any CPU
		{E6868C22-2254-4CD7-A670-296DB76778B5}.Debug|Any CPU.ActiveCfg = Debug|Any CPU
		{E6868C22-2254-4CD7-A670-296DB76778B5}.Debug|Any CPU.Build.0 = Debug|Any CPU
		{E6868C22-2254-4CD7-A670-296DB76778B5}.Release|Any CPU.ActiveCfg = Release|Any CPU
		{E6868C22-2254-4CD7-A670-296DB76778B5}.Release|Any CPU.Build.0 = Release|Any CPU
		{16AF9596-21A3-4A11-9C33-F538EE3DC6D4}.Debug|Any CPU.ActiveCfg = Debug|Any CPU
		{16AF9596-21A3-4A11-9C33-F538EE3DC6D4}.Debug|Any CPU.Build.0 = Debug|Any CPU
		{16AF9596-21A3-4A11-9C33-F538EE3DC6D4}.Release|Any CPU.ActiveCfg = Release|Any CPU
		{16AF9596-21A3-4A11-9C33-F538EE3DC6D4}.Release|Any CPU.Build.0 = Release|Any CPU
		{8A243513-D890-4CFC-A94E-EDB0B1B9EC49}.Debug|Any CPU.ActiveCfg = Debug|Any CPU
		{8A243513-D890-4CFC-A94E-EDB0B1B9EC49}.Debug|Any CPU.Build.0 = Debug|Any CPU
		{8A243513-D890-4CFC-A94E-EDB0B1B9EC49}.Release|Any CPU.ActiveCfg = Release|Any CPU
		{8A243513-D890-4CFC-A94E-EDB0B1B9EC49}.Release|Any CPU.Build.0 = Release|Any CPU
		{1C7E7B3C-55D1-488C-9C92-4DCC461935EB}.Debug|Any CPU.ActiveCfg = Debug|Any CPU
		{1C7E7B3C-55D1-488C-9C92-4DCC461935EB}.Debug|Any CPU.Build.0 = Debug|Any CPU
		{1C7E7B3C-55D1-488C-9C92-4DCC461935EB}.Release|Any CPU.ActiveCfg = Release|Any CPU
		{1C7E7B3C-55D1-488C-9C92-4DCC461935EB}.Release|Any CPU.Build.0 = Release|Any CPU
		{E9656395-0866-4F80-B0B6-89EA7A4570F4}.Debug|Any CPU.ActiveCfg = Debug|Any CPU
		{E9656395-0866-4F80-B0B6-89EA7A4570F4}.Debug|Any CPU.Build.0 = Debug|Any CPU
		{E9656395-0866-4F80-B0B6-89EA7A4570F4}.Release|Any CPU.ActiveCfg = Release|Any CPU
		{E9656395-0866-4F80-B0B6-89EA7A4570F4}.Release|Any CPU.Build.0 = Release|Any CPU
		{CA919AE9-EB3A-4925-A950-C452F1847AEF}.Debug|Any CPU.ActiveCfg = Debug|Any CPU
		{CA919AE9-EB3A-4925-A950-C452F1847AEF}.Debug|Any CPU.Build.0 = Debug|Any CPU
		{CA919AE9-EB3A-4925-A950-C452F1847AEF}.Release|Any CPU.ActiveCfg = Release|Any CPU
		{CA919AE9-EB3A-4925-A950-C452F1847AEF}.Release|Any CPU.Build.0 = Release|Any CPU
	EndGlobalSection
	GlobalSection(SolutionProperties) = preSolution
		HideSolutionNode = FALSE
	EndGlobalSection
	GlobalSection(NestedProjects) = preSolution
		{4FC7807A-D826-42F2-8D08-3827C01DF4D3} = {AE5CD1FF-A7F0-4542-8D45-00B8A985E326}
		{8E998059-A6AB-46A8-8BF1-9AA7CBF46BFC} = {AE5CD1FF-A7F0-4542-8D45-00B8A985E326}
		{AEFB7390-6B1B-4565-B24E-F8C9A55D4B64} = {AE5CD1FF-A7F0-4542-8D45-00B8A985E326}
		{A1CA4784-52FB-45BE-AF2B-B92690B56492} = {AE5CD1FF-A7F0-4542-8D45-00B8A985E326}
		{16580376-0166-4529-82C3-1BC286BEEFCB} = {AE5CD1FF-A7F0-4542-8D45-00B8A985E326}
		{ED897630-8969-48AF-86BE-C32124859698} = {16580376-0166-4529-82C3-1BC286BEEFCB}
		{E2FBD559-A590-4D00-AEBA-B66D9C344102} = {16580376-0166-4529-82C3-1BC286BEEFCB}
		{8994E6B9-28B5-4942-B455-AF3A92D95281} = {16580376-0166-4529-82C3-1BC286BEEFCB}
		{58A3ABF6-A3B4-4BF3-85A1-B5E05DFA82BC} = {16580376-0166-4529-82C3-1BC286BEEFCB}
		{2B0ADB7B-4A1B-4892-B0E7-4A7663EEA26C} = {16580376-0166-4529-82C3-1BC286BEEFCB}
		{087E163B-AC5F-4832-84D6-2B9E5454D987} = {16580376-0166-4529-82C3-1BC286BEEFCB}
		{ED9D3157-1F1F-4AD4-BE6D-E52F6A240728} = {16580376-0166-4529-82C3-1BC286BEEFCB}
		{E6868C22-2254-4CD7-A670-296DB76778B5} = {16580376-0166-4529-82C3-1BC286BEEFCB}
		{16AF9596-21A3-4A11-9C33-F538EE3DC6D4} = {16580376-0166-4529-82C3-1BC286BEEFCB}
		{8A243513-D890-4CFC-A94E-EDB0B1B9EC49} = {16580376-0166-4529-82C3-1BC286BEEFCB}
		{1C7E7B3C-55D1-488C-9C92-4DCC461935EB} = {16580376-0166-4529-82C3-1BC286BEEFCB}
		{E9656395-0866-4F80-B0B6-89EA7A4570F4} = {16580376-0166-4529-82C3-1BC286BEEFCB}
		{CA919AE9-EB3A-4925-A950-C452F1847AEF} = {16580376-0166-4529-82C3-1BC286BEEFCB}
	EndGlobalSection
	GlobalSection(ExtensibilityGlobals) = postSolution
		SolutionGuid = {948C4912-2DBE-40C5-BFC5-76C9A958922D}
	EndGlobalSection
EndGlobal
