
Microsoft Visual Studio Solution File, Format Version 12.00
# Visual Studio Version 17
VisualStudioVersion = 17.5.002.0
MinimumVisualStudioVersion = 10.0.40219.1
Project("{2150E333-8FDC-42A3-9474-1A3956D46DE8}") = "src", "src", "{44ADCCD2-3DD4-48D5-9F63-5C2D61F889A7}"
EndProject
Project("{9A19103F-16F7-4668-BE54-9A1E7A4F7556}") = "analyzers", "src\analyzers\analyzers.csproj", "{D5F55B6C-3AFF-4565-BF0A-87CD35257473}"
EndProject
Project("{9A19103F-16F7-4668-BE54-9A1E7A4F7556}") = "common", "src\common\common.csproj", "{90C16E16-B4E8-4578-A8A7-CA095A5CB063}"
EndProject
Project("{9A19103F-16F7-4668-BE54-9A1E7A4F7556}") = "core", "src\core\core.csproj", "{4CB1B75E-0A2D-4F67-B2AD-F471E2B42B0D}"
EndProject
Project("{9A19103F-16F7-4668-BE54-9A1E7A4F7556}") = "extensions", "src\extensions\extensions.csproj", "{11715F80-BF6A-47D4-97E6-A370EED518E2}"
EndProject
Project("{9A19103F-16F7-4668-BE54-9A1E7A4F7556}") = "hosting", "src\hosting\hosting.csproj", "{F6DF6898-9B92-4006-AEF5-FEA1AA734C18}"
EndProject
Project("{9A19103F-16F7-4668-BE54-9A1E7A4F7556}") = "trimming", "src\trimming\trimming.csproj", "{FD13CF06-248D-40C2-A14E-E35D2FF8AE94}"
EndProject
Project("{2150E333-8FDC-42A3-9474-1A3956D46DE8}") = "samples", "samples", "{AD90CBF5-2ABD-4295-993E-03E92E8F3F56}"
EndProject
Project("{9A19103F-16F7-4668-BE54-9A1E7A4F7556}") = "attributes", "src\samples\attributes\attributes.csproj", "{B12D84A0-1C8B-4D80-9395-41F6D4DF584A}"
EndProject
Project("{9A19103F-16F7-4668-BE54-9A1E7A4F7556}") = "cancellation", "src\samples\cancellation\cancellation.csproj", "{824ECDD2-6B82-4A4C-A247-B3B5167B077A}"
EndProject
Project("{9A19103F-16F7-4668-BE54-9A1E7A4F7556}") = "control", "src\samples\control\control.csproj", "{F63CF535-E697-4013-BED8-0AC527915B68}"
EndProject
Project("{9A19103F-16F7-4668-BE54-9A1E7A4F7556}") = "cursor", "src\samples\cursor\cursor.csproj", "{FA896405-3DF8-4D0E-AB32-BB4FDF542DD9}"
EndProject
Project("{9A19103F-16F7-4668-BE54-9A1E7A4F7556}") = "extensions", "src\samples\extensions\extensions.csproj", "{092A5F30-63B6-4071-A08E-3BC4705CAF16}"
EndProject
Project("{9A19103F-16F7-4668-BE54-9A1E7A4F7556}") = "hosting", "src\samples\hosting\hosting.csproj", "{5D3B1B24-349E-4D32-831F-C098F00846FE}"
EndProject
Project("{9A19103F-16F7-4668-BE54-9A1E7A4F7556}") = "processes", "src\samples\processes\processes.csproj", "{2A6273D2-52D4-4C98-8DEE-CD88ABDE3279}"
EndProject
Project("{9A19103F-16F7-4668-BE54-9A1E7A4F7556}") = "raw", "src\samples\raw\raw.csproj", "{CFBB8BE0-2126-4CB7-BBF2-0C3D998BD142}"
EndProject
Project("{9A19103F-16F7-4668-BE54-9A1E7A4F7556}") = "resize", "src\samples\resize\resize.csproj", "{004DAE75-5BA0-4B95-B2DB-EA4E46C523EA}"
EndProject
Project("{9A19103F-16F7-4668-BE54-9A1E7A4F7556}") = "screens", "src\samples\screens\screens.csproj", "{A2496E05-D61F-439A-A71B-4E4EE970ABE9}"
EndProject
Project("{9A19103F-16F7-4668-BE54-9A1E7A4F7556}") = "scrolling", "src\samples\scrolling\scrolling.csproj", "{70F538E0-0254-4021-9281-49B7F1B5EBFA}"
EndProject
Project("{9A19103F-16F7-4668-BE54-9A1E7A4F7556}") = "signals", "src\samples\signals\signals.csproj", "{CEE734AA-CE10-48F0-8335-E5776EE93B6F}"
EndProject
Project("{9A19103F-16F7-4668-BE54-9A1E7A4F7556}") = "sounds", "src\samples\sounds\sounds.csproj", "{51581231-AD41-4360-BC57-DD61E8BAB821}"
EndProject
Project("{9A19103F-16F7-4668-BE54-9A1E7A4F7556}") = "width", "src\samples\width\width.csproj", "{0822F67D-02DD-4C6F-AE05-037BEC5FA08A}"
EndProject
Global
	GlobalSection(SolutionConfigurationPlatforms) = preSolution
		Debug|Any CPU = Debug|Any CPU
		Release|Any CPU = Release|Any CPU
	EndGlobalSection
	GlobalSection(ProjectConfigurationPlatforms) = postSolution
		{D5F55B6C-3AFF-4565-BF0A-87CD35257473}.Debug|Any CPU.ActiveCfg = Debug|Any CPU
		{D5F55B6C-3AFF-4565-BF0A-87CD35257473}.Debug|Any CPU.Build.0 = Debug|Any CPU
		{D5F55B6C-3AFF-4565-BF0A-87CD35257473}.Release|Any CPU.ActiveCfg = Release|Any CPU
		{D5F55B6C-3AFF-4565-BF0A-87CD35257473}.Release|Any CPU.Build.0 = Release|Any CPU
		{90C16E16-B4E8-4578-A8A7-CA095A5CB063}.Debug|Any CPU.ActiveCfg = Debug|Any CPU
		{90C16E16-B4E8-4578-A8A7-CA095A5CB063}.Debug|Any CPU.Build.0 = Debug|Any CPU
		{90C16E16-B4E8-4578-A8A7-CA095A5CB063}.Release|Any CPU.ActiveCfg = Release|Any CPU
		{90C16E16-B4E8-4578-A8A7-CA095A5CB063}.Release|Any CPU.Build.0 = Release|Any CPU
		{4CB1B75E-0A2D-4F67-B2AD-F471E2B42B0D}.Debug|Any CPU.ActiveCfg = Debug|Any CPU
		{4CB1B75E-0A2D-4F67-B2AD-F471E2B42B0D}.Debug|Any CPU.Build.0 = Debug|Any CPU
		{4CB1B75E-0A2D-4F67-B2AD-F471E2B42B0D}.Release|Any CPU.ActiveCfg = Release|Any CPU
		{4CB1B75E-0A2D-4F67-B2AD-F471E2B42B0D}.Release|Any CPU.Build.0 = Release|Any CPU
		{11715F80-BF6A-47D4-97E6-A370EED518E2}.Debug|Any CPU.ActiveCfg = Debug|Any CPU
		{11715F80-BF6A-47D4-97E6-A370EED518E2}.Debug|Any CPU.Build.0 = Debug|Any CPU
		{11715F80-BF6A-47D4-97E6-A370EED518E2}.Release|Any CPU.ActiveCfg = Release|Any CPU
		{11715F80-BF6A-47D4-97E6-A370EED518E2}.Release|Any CPU.Build.0 = Release|Any CPU
		{F6DF6898-9B92-4006-AEF5-FEA1AA734C18}.Debug|Any CPU.ActiveCfg = Debug|Any CPU
		{F6DF6898-9B92-4006-AEF5-FEA1AA734C18}.Debug|Any CPU.Build.0 = Debug|Any CPU
		{F6DF6898-9B92-4006-AEF5-FEA1AA734C18}.Release|Any CPU.ActiveCfg = Release|Any CPU
		{F6DF6898-9B92-4006-AEF5-FEA1AA734C18}.Release|Any CPU.Build.0 = Release|Any CPU
		{FD13CF06-248D-40C2-A14E-E35D2FF8AE94}.Debug|Any CPU.ActiveCfg = Debug|Any CPU
		{FD13CF06-248D-40C2-A14E-E35D2FF8AE94}.Debug|Any CPU.Build.0 = Debug|Any CPU
		{FD13CF06-248D-40C2-A14E-E35D2FF8AE94}.Release|Any CPU.ActiveCfg = Release|Any CPU
		{FD13CF06-248D-40C2-A14E-E35D2FF8AE94}.Release|Any CPU.Build.0 = Release|Any CPU
		{B12D84A0-1C8B-4D80-9395-41F6D4DF584A}.Debug|Any CPU.ActiveCfg = Debug|Any CPU
		{B12D84A0-1C8B-4D80-9395-41F6D4DF584A}.Debug|Any CPU.Build.0 = Debug|Any CPU
		{B12D84A0-1C8B-4D80-9395-41F6D4DF584A}.Release|Any CPU.ActiveCfg = Release|Any CPU
		{B12D84A0-1C8B-4D80-9395-41F6D4DF584A}.Release|Any CPU.Build.0 = Release|Any CPU
		{824ECDD2-6B82-4A4C-A247-B3B5167B077A}.Debug|Any CPU.ActiveCfg = Debug|Any CPU
		{824ECDD2-6B82-4A4C-A247-B3B5167B077A}.Debug|Any CPU.Build.0 = Debug|Any CPU
		{824ECDD2-6B82-4A4C-A247-B3B5167B077A}.Release|Any CPU.ActiveCfg = Release|Any CPU
		{824ECDD2-6B82-4A4C-A247-B3B5167B077A}.Release|Any CPU.Build.0 = Release|Any CPU
		{F63CF535-E697-4013-BED8-0AC527915B68}.Debug|Any CPU.ActiveCfg = Debug|Any CPU
		{F63CF535-E697-4013-BED8-0AC527915B68}.Debug|Any CPU.Build.0 = Debug|Any CPU
		{F63CF535-E697-4013-BED8-0AC527915B68}.Release|Any CPU.ActiveCfg = Release|Any CPU
		{F63CF535-E697-4013-BED8-0AC527915B68}.Release|Any CPU.Build.0 = Release|Any CPU
		{FA896405-3DF8-4D0E-AB32-BB4FDF542DD9}.Debug|Any CPU.ActiveCfg = Debug|Any CPU
		{FA896405-3DF8-4D0E-AB32-BB4FDF542DD9}.Debug|Any CPU.Build.0 = Debug|Any CPU
		{FA896405-3DF8-4D0E-AB32-BB4FDF542DD9}.Release|Any CPU.ActiveCfg = Release|Any CPU
		{FA896405-3DF8-4D0E-AB32-BB4FDF542DD9}.Release|Any CPU.Build.0 = Release|Any CPU
		{092A5F30-63B6-4071-A08E-3BC4705CAF16}.Debug|Any CPU.ActiveCfg = Debug|Any CPU
		{092A5F30-63B6-4071-A08E-3BC4705CAF16}.Debug|Any CPU.Build.0 = Debug|Any CPU
		{092A5F30-63B6-4071-A08E-3BC4705CAF16}.Release|Any CPU.ActiveCfg = Release|Any CPU
		{092A5F30-63B6-4071-A08E-3BC4705CAF16}.Release|Any CPU.Build.0 = Release|Any CPU
		{5D3B1B24-349E-4D32-831F-C098F00846FE}.Debug|Any CPU.ActiveCfg = Debug|Any CPU
		{5D3B1B24-349E-4D32-831F-C098F00846FE}.Debug|Any CPU.Build.0 = Debug|Any CPU
		{5D3B1B24-349E-4D32-831F-C098F00846FE}.Release|Any CPU.ActiveCfg = Release|Any CPU
		{5D3B1B24-349E-4D32-831F-C098F00846FE}.Release|Any CPU.Build.0 = Release|Any CPU
		{2A6273D2-52D4-4C98-8DEE-CD88ABDE3279}.Debug|Any CPU.ActiveCfg = Debug|Any CPU
		{2A6273D2-52D4-4C98-8DEE-CD88ABDE3279}.Debug|Any CPU.Build.0 = Debug|Any CPU
		{2A6273D2-52D4-4C98-8DEE-CD88ABDE3279}.Release|Any CPU.ActiveCfg = Release|Any CPU
		{2A6273D2-52D4-4C98-8DEE-CD88ABDE3279}.Release|Any CPU.Build.0 = Release|Any CPU
		{CFBB8BE0-2126-4CB7-BBF2-0C3D998BD142}.Debug|Any CPU.ActiveCfg = Debug|Any CPU
		{CFBB8BE0-2126-4CB7-BBF2-0C3D998BD142}.Debug|Any CPU.Build.0 = Debug|Any CPU
		{CFBB8BE0-2126-4CB7-BBF2-0C3D998BD142}.Release|Any CPU.ActiveCfg = Release|Any CPU
		{CFBB8BE0-2126-4CB7-BBF2-0C3D998BD142}.Release|Any CPU.Build.0 = Release|Any CPU
		{004DAE75-5BA0-4B95-B2DB-EA4E46C523EA}.Debug|Any CPU.ActiveCfg = Debug|Any CPU
		{004DAE75-5BA0-4B95-B2DB-EA4E46C523EA}.Debug|Any CPU.Build.0 = Debug|Any CPU
		{004DAE75-5BA0-4B95-B2DB-EA4E46C523EA}.Release|Any CPU.ActiveCfg = Release|Any CPU
		{004DAE75-5BA0-4B95-B2DB-EA4E46C523EA}.Release|Any CPU.Build.0 = Release|Any CPU
		{A2496E05-D61F-439A-A71B-4E4EE970ABE9}.Debug|Any CPU.ActiveCfg = Debug|Any CPU
		{A2496E05-D61F-439A-A71B-4E4EE970ABE9}.Debug|Any CPU.Build.0 = Debug|Any CPU
		{A2496E05-D61F-439A-A71B-4E4EE970ABE9}.Release|Any CPU.ActiveCfg = Release|Any CPU
		{A2496E05-D61F-439A-A71B-4E4EE970ABE9}.Release|Any CPU.Build.0 = Release|Any CPU
		{70F538E0-0254-4021-9281-49B7F1B5EBFA}.Debug|Any CPU.ActiveCfg = Debug|Any CPU
		{70F538E0-0254-4021-9281-49B7F1B5EBFA}.Debug|Any CPU.Build.0 = Debug|Any CPU
		{70F538E0-0254-4021-9281-49B7F1B5EBFA}.Release|Any CPU.ActiveCfg = Release|Any CPU
		{70F538E0-0254-4021-9281-49B7F1B5EBFA}.Release|Any CPU.Build.0 = Release|Any CPU
		{CEE734AA-CE10-48F0-8335-E5776EE93B6F}.Debug|Any CPU.ActiveCfg = Debug|Any CPU
		{CEE734AA-CE10-48F0-8335-E5776EE93B6F}.Debug|Any CPU.Build.0 = Debug|Any CPU
		{CEE734AA-CE10-48F0-8335-E5776EE93B6F}.Release|Any CPU.ActiveCfg = Release|Any CPU
		{CEE734AA-CE10-48F0-8335-E5776EE93B6F}.Release|Any CPU.Build.0 = Release|Any CPU
		{51581231-AD41-4360-BC57-DD61E8BAB821}.Debug|Any CPU.ActiveCfg = Debug|Any CPU
		{51581231-AD41-4360-BC57-DD61E8BAB821}.Debug|Any CPU.Build.0 = Debug|Any CPU
		{51581231-AD41-4360-BC57-DD61E8BAB821}.Release|Any CPU.ActiveCfg = Release|Any CPU
		{51581231-AD41-4360-BC57-DD61E8BAB821}.Release|Any CPU.Build.0 = Release|Any CPU
		{0822F67D-02DD-4C6F-AE05-037BEC5FA08A}.Debug|Any CPU.ActiveCfg = Debug|Any CPU
		{0822F67D-02DD-4C6F-AE05-037BEC5FA08A}.Debug|Any CPU.Build.0 = Debug|Any CPU
		{0822F67D-02DD-4C6F-AE05-037BEC5FA08A}.Release|Any CPU.ActiveCfg = Release|Any CPU
		{0822F67D-02DD-4C6F-AE05-037BEC5FA08A}.Release|Any CPU.Build.0 = Release|Any CPU
	EndGlobalSection
	GlobalSection(SolutionProperties) = preSolution
		HideSolutionNode = FALSE
	EndGlobalSection
	GlobalSection(NestedProjects) = preSolution
		{D5F55B6C-3AFF-4565-BF0A-87CD35257473} = {44ADCCD2-3DD4-48D5-9F63-5C2D61F889A7}
		{90C16E16-B4E8-4578-A8A7-CA095A5CB063} = {44ADCCD2-3DD4-48D5-9F63-5C2D61F889A7}
		{4CB1B75E-0A2D-4F67-B2AD-F471E2B42B0D} = {44ADCCD2-3DD4-48D5-9F63-5C2D61F889A7}
		{11715F80-BF6A-47D4-97E6-A370EED518E2} = {44ADCCD2-3DD4-48D5-9F63-5C2D61F889A7}
		{F6DF6898-9B92-4006-AEF5-FEA1AA734C18} = {44ADCCD2-3DD4-48D5-9F63-5C2D61F889A7}
		{FD13CF06-248D-40C2-A14E-E35D2FF8AE94} = {44ADCCD2-3DD4-48D5-9F63-5C2D61F889A7}
		{AD90CBF5-2ABD-4295-993E-03E92E8F3F56} = {44ADCCD2-3DD4-48D5-9F63-5C2D61F889A7}
		{B12D84A0-1C8B-4D80-9395-41F6D4DF584A} = {AD90CBF5-2ABD-4295-993E-03E92E8F3F56}
		{824ECDD2-6B82-4A4C-A247-B3B5167B077A} = {AD90CBF5-2ABD-4295-993E-03E92E8F3F56}
		{F63CF535-E697-4013-BED8-0AC527915B68} = {AD90CBF5-2ABD-4295-993E-03E92E8F3F56}
		{FA896405-3DF8-4D0E-AB32-BB4FDF542DD9} = {AD90CBF5-2ABD-4295-993E-03E92E8F3F56}
		{092A5F30-63B6-4071-A08E-3BC4705CAF16} = {AD90CBF5-2ABD-4295-993E-03E92E8F3F56}
		{5D3B1B24-349E-4D32-831F-C098F00846FE} = {AD90CBF5-2ABD-4295-993E-03E92E8F3F56}
		{2A6273D2-52D4-4C98-8DEE-CD88ABDE3279} = {AD90CBF5-2ABD-4295-993E-03E92E8F3F56}
		{CFBB8BE0-2126-4CB7-BBF2-0C3D998BD142} = {AD90CBF5-2ABD-4295-993E-03E92E8F3F56}
		{004DAE75-5BA0-4B95-B2DB-EA4E46C523EA} = {AD90CBF5-2ABD-4295-993E-03E92E8F3F56}
		{A2496E05-D61F-439A-A71B-4E4EE970ABE9} = {AD90CBF5-2ABD-4295-993E-03E92E8F3F56}
		{70F538E0-0254-4021-9281-49B7F1B5EBFA} = {AD90CBF5-2ABD-4295-993E-03E92E8F3F56}
		{CEE734AA-CE10-48F0-8335-E5776EE93B6F} = {AD90CBF5-2ABD-4295-993E-03E92E8F3F56}
		{51581231-AD41-4360-BC57-DD61E8BAB821} = {AD90CBF5-2ABD-4295-993E-03E92E8F3F56}
		{0822F67D-02DD-4C6F-AE05-037BEC5FA08A} = {AD90CBF5-2ABD-4295-993E-03E92E8F3F56}
	EndGlobalSection
	GlobalSection(ExtensibilityGlobals) = postSolution
		SolutionGuid = {9DB5CF5E-DB10-4F49-B69A-8C0A98144F23}
	EndGlobalSection
EndGlobal
