Microsoft Visual Studio Solution File, Format Version 12.00
# Visual Studio Version 16
VisualStudioVersion = 16.0.29403.142
MinimumVisualStudioVersion = 10.0.40219.1
Project("{9A19103F-16F7-4668-BE54-9A1E7A4F7556}") = "core", "src\core\core.csproj", "{AD176AAF-CF57-45E8-8BEA-38E2CBBA3312}"
EndProject
Project("{9A19103F-16F7-4668-BE54-9A1E7A4F7556}") = "extensions", "src\extensions\extensions.csproj", "{C1B60D56-EDD5-45A8-BFA1-8E5D5B4D31DC}"
EndProject
Project("{9A19103F-16F7-4668-BE54-9A1E7A4F7556}") = "sample", "src\sample\sample.csproj", "{D34C7BFA-C459-40B6-95D5-C7A98DB21D53}"
EndProject
Global
	GlobalSection(SolutionConfigurationPlatforms) = preSolution
		Debug|Any CPU = Debug|Any CPU
		Release|Any CPU = Release|Any CPU
	EndGlobalSection
	GlobalSection(ProjectConfigurationPlatforms) = postSolution
		{AD176AAF-CF57-45E8-8BEA-38E2CBBA3312}.Debug|Any CPU.ActiveCfg = Debug|Any CPU
		{AD176AAF-CF57-45E8-8BEA-38E2CBBA3312}.Debug|Any CPU.Build.0 = Debug|Any CPU
		{AD176AAF-CF57-45E8-8BEA-38E2CBBA3312}.Release|Any CPU.ActiveCfg = Release|Any CPU
		{AD176AAF-CF57-45E8-8BEA-38E2CBBA3312}.Release|Any CPU.Build.0 = Release|Any CPU
		{C1B60D56-EDD5-45A8-BFA1-8E5D5B4D31DC}.Debug|Any CPU.ActiveCfg = Debug|Any CPU
		{C1B60D56-EDD5-45A8-BFA1-8E5D5B4D31DC}.Debug|Any CPU.Build.0 = Debug|Any CPU
		{C1B60D56-EDD5-45A8-BFA1-8E5D5B4D31DC}.Release|Any CPU.ActiveCfg = Release|Any CPU
		{C1B60D56-EDD5-45A8-BFA1-8E5D5B4D31DC}.Release|Any CPU.Build.0 = Release|Any CPU
		{D34C7BFA-C459-40B6-95D5-C7A98DB21D53}.Debug|Any CPU.ActiveCfg = Debug|Any CPU
		{D34C7BFA-C459-40B6-95D5-C7A98DB21D53}.Debug|Any CPU.Build.0 = Debug|Any CPU
		{D34C7BFA-C459-40B6-95D5-C7A98DB21D53}.Release|Any CPU.ActiveCfg = Release|Any CPU
		{D34C7BFA-C459-40B6-95D5-C7A98DB21D53}.Release|Any CPU.Build.0 = Release|Any CPU
	EndGlobalSection
	GlobalSection(SolutionProperties) = preSolution
		HideSolutionNode = FALSE
	EndGlobalSection
	GlobalSection(ExtensibilityGlobals) = postSolution
		SolutionGuid = {75D7AD11-A4DF-4886-9843-2A274C3A7BA5}
	EndGlobalSection
EndGlobal
